schema: '2.0'
stages:
  trains:
    cmd: python train.py
    deps:
    - path: data/test_features.csv
      hash: md5
      md5: b6a0c5eaa01aa2d1f85c3ebdd369f70b
      size: 127501
    - path: data/test_labels.csv
      hash: md5
      md5: 04b0f79abf6c578f428ca472e5349ad9
      size: 6250
    - path: data/train_features.csv
      hash: md5
      md5: f3fe05670c8d1380ba19ec00b0f03d38
      size: 382456
    - path: data/train_labels.csv
      hash: md5
      md5: 3ed0f0b46481d277081f3aa752206b99
      size: 18750
    - path: train.py
      hash: md5
      md5: 47dc7773dc59a8078f9116e39db61b11
      size: 1065
    outs:
    - path: metrics.txt
      hash: md5
      md5: 31c7606e7b792e4376f53c1e7d468670
      size: 16
    - path: plot.png
      hash: md5
      md5: 943f196cffafb735e0818eaa7b230fb5
      size: 16982
